
Microsoft Visual Studio Solution File, Format Version 12.00
# Visual Studio Version 16
VisualStudioVersion = 16.0.30621.155
MinimumVisualStudioVersion = 10.0.40219.1
Project("{FAE04EC0-301F-11D3-BF4B-00C04F79EFBC}") = "DealerManagement", "DealerManagement.csproj", "{FF91D1D0-867E-4DFA-8C1C-18D6EC21A558}"
EndProject
Project("{FAE04EC0-301F-11D3-BF4B-00C04F79EFBC}") = "DealerManagement.DAL", "..\DealerManagement.DAL\DealerManagement.DAL.csproj", "{2EF59F96-438A-42A2-8650-3C6E73044A4F}"
EndProject
Project("{FAE04EC0-301F-11D3-BF4B-00C04F79EFBC}") = "DealerManagement.BAL", "..\DealerManagement.BAL\DealerManagement.BAL.csproj", "{15A29B3E-5D89-479D-BE78-6B95A6165A73}"
EndProject
Project("{FAE04EC0-301F-11D3-BF4B-00C04F79EFBC}") = "DealerManagement.Models", "..\DealerManagement.Models\DealerManagement.Models.csproj", "{19DE9B37-2E18-4E1F-971E-E3597A5075FA}"
EndProject
Global
	GlobalSection(SolutionConfigurationPlatforms) = preSolution
		Debug|Any CPU = Debug|Any CPU
		Release|Any CPU = Release|Any CPU
	EndGlobalSection
	GlobalSection(ProjectConfigurationPlatforms) = postSolution
		{FF91D1D0-867E-4DFA-8C1C-18D6EC21A558}.Debug|Any CPU.ActiveCfg = Debug|Any CPU
		{FF91D1D0-867E-4DFA-8C1C-18D6EC21A558}.Debug|Any CPU.Build.0 = Debug|Any CPU
		{FF91D1D0-867E-4DFA-8C1C-18D6EC21A558}.Release|Any CPU.ActiveCfg = Release|Any CPU
		{FF91D1D0-867E-4DFA-8C1C-18D6EC21A558}.Release|Any CPU.Build.0 = Release|Any CPU
		{2EF59F96-438A-42A2-8650-3C6E73044A4F}.Debug|Any CPU.ActiveCfg = Debug|Any CPU
		{2EF59F96-438A-42A2-8650-3C6E73044A4F}.Debug|Any CPU.Build.0 = Debug|Any CPU
		{2EF59F96-438A-42A2-8650-3C6E73044A4F}.Release|Any CPU.ActiveCfg = Release|Any CPU
		{2EF59F96-438A-42A2-8650-3C6E73044A4F}.Release|Any CPU.Build.0 = Release|Any CPU
		{15A29B3E-5D89-479D-BE78-6B95A6165A73}.Debug|Any CPU.ActiveCfg = Debug|Any CPU
		{15A29B3E-5D89-479D-BE78-6B95A6165A73}.Debug|Any CPU.Build.0 = Debug|Any CPU
		{15A29B3E-5D89-479D-BE78-6B95A6165A73}.Release|Any CPU.ActiveCfg = Release|Any CPU
		{15A29B3E-5D89-479D-BE78-6B95A6165A73}.Release|Any CPU.Build.0 = Release|Any CPU
		{19DE9B37-2E18-4E1F-971E-E3597A5075FA}.Debug|Any CPU.ActiveCfg = Debug|Any CPU
		{19DE9B37-2E18-4E1F-971E-E3597A5075FA}.Debug|Any CPU.Build.0 = Debug|Any CPU
		{19DE9B37-2E18-4E1F-971E-E3597A5075FA}.Release|Any CPU.ActiveCfg = Release|Any CPU
		{19DE9B37-2E18-4E1F-971E-E3597A5075FA}.Release|Any CPU.Build.0 = Release|Any CPU
	EndGlobalSection
	GlobalSection(SolutionProperties) = preSolution
		HideSolutionNode = FALSE
	EndGlobalSection
	GlobalSection(ExtensibilityGlobals) = postSolution
		SolutionGuid = {E47F46B7-BA89-4DFD-90D0-1FBC1C6AFC08}
	EndGlobalSection
EndGlobal
